{
  "name": "Bugemon",
  "lockfileVersion": 2,
  "requires": true,
  "packages": {
    "": {
      "dependencies": {
        "@kolkov/ngx-gallery": "^2.0.1"
      }
    },
    "node_modules/@kolkov/ngx-gallery": {
      "version": "2.0.1",
      "resolved": "https://registry.npmjs.org/@kolkov/ngx-gallery/-/ngx-gallery-2.0.1.tgz",
      "integrity": "sha512-mTigRy9Ha7bqCF/+GNKeW2Oe8ZILuM5GGMw+ZbvTQWq3X5hngeFFgv8GFG49Py3biX67kb0NhqCP+msLe4wbXQ==",
      "dependencies": {
        "tslib": "^2.3.0"
      },
      "peerDependencies": {
        "@angular/animations": ">=13.0.0 <14",
        "@angular/common": ">=13.0.0 <14",
        "@angular/core": ">=13.0.0 <14"
      }
    },
    "node_modules/tslib": {
      "version": "2.3.1",
      "resolved": "https://registry.npmjs.org/tslib/-/tslib-2.3.1.tgz",
      "integrity": "sha512-77EbyPPpMz+FRFRuAFlWMtmgUWGe9UOG2Z25NqCwiIjRhOf5iKGuzSe5P2w1laq+FkRy4p+PCuVkJSGkzTEKVw=="
    }
  },
  "dependencies": {
    "@kolkov/ngx-gallery": {
      "version": "2.0.1",
      "resolved": "https://registry.npmjs.org/@kolkov/ngx-gallery/-/ngx-gallery-2.0.1.tgz",
      "integrity": "sha512-mTigRy9Ha7bqCF/+GNKeW2Oe8ZILuM5GGMw+ZbvTQWq3X5hngeFFgv8GFG49Py3biX67kb0NhqCP+msLe4wbXQ==",
      "requires": {
        "tslib": "^2.3.0"
      }
    },
    "tslib": {
      "version": "2.3.1",
      "resolved": "https://registry.npmjs.org/tslib/-/tslib-2.3.1.tgz",
      "integrity": "sha512-77EbyPPpMz+FRFRuAFlWMtmgUWGe9UOG2Z25NqCwiIjRhOf5iKGuzSe5P2w1laq+FkRy4p+PCuVkJSGkzTEKVw=="
    }
  }
}
